// !$*UTF8*$!
{
	archiveVersion = 1;
	classes = {
	};
	objectVersion = 56;
	objects = {

/* Begin PBXBuildFile section */
		5E5593D22AA9BCCB00EF2121 /* BullseyeApp.swift in Sources */ = {isa = PBXBuildFile; fileRef = 5E5593D12AA9BCCB00EF2121 /* BullseyeApp.swift */; };
		5E5593D42AA9BCCB00EF2121 /* ContentView.swift in Sources */ = {isa = PBXBuildFile; fileRef = 5E5593D32AA9BCCB00EF2121 /* ContentView.swift */; };
		5E5593D62AA9BCCC00EF2121 /* Assets.xcassets in Resources */ = {isa = PBXBuildFile; fileRef = 5E5593D52AA9BCCC00EF2121 /* Assets.xcassets */; };
		5E5593D92AA9BCCC00EF2121 /* Preview Assets.xcassets in Resources */ = {isa = PBXBuildFile; fileRef = 5E5593D82AA9BCCC00EF2121 /* Preview Assets.xcassets */; };
		5E5593DB2AA9BCCC00EF2121 /* Persistence.swift in Sources */ = {isa = PBXBuildFile; fileRef = 5E5593DA2AA9BCCC00EF2121 /* Persistence.swift */; };
		5E5593DE2AA9BCCC00EF2121 /* Bullseye.xcdatamodeld in Sources */ = {isa = PBXBuildFile; fileRef = 5E5593DC2AA9BCCC00EF2121 /* Bullseye.xcdatamodeld */; };
		5E5593E82AA9CEE500EF2121 /* Game.swift in Sources */ = {isa = PBXBuildFile; fileRef = 5E5593E72AA9CEE500EF2121 /* Game.swift */; };
		5E5593F02AA9D52600EF2121 /* BullseyeTests.swift in Sources */ = {isa = PBXBuildFile; fileRef = 5E5593EF2AA9D52600EF2121 /* BullseyeTests.swift */; };
/* End PBXBuildFile section */

/* Begin PBXContainerItemProxy section */
		5E5593F12AA9D52600EF2121 /* PBXContainerItemProxy */ = {
			isa = PBXContainerItemProxy;
			containerPortal = 5E5593C62AA9BCCB00EF2121 /* Project object */;
			proxyType = 1;
			remoteGlobalIDString = 5E5593CD2AA9BCCB00EF2121;
			remoteInfo = Bullseye;
		};
/* End PBXContainerItemProxy section */

/* Begin PBXFileReference section */
		5E5593CE2AA9BCCB00EF2121 /* Bullseye.app */ = {isa = PBXFileReference; explicitFileType = wrapper.application; includeInIndex = 0; path = Bullseye.app; sourceTree = BUILT_PRODUCTS_DIR; };
		5E5593D12AA9BCCB00EF2121 /* BullseyeApp.swift */ = {isa = PBXFileReference; lastKnownFileType = sourcecode.swift; path = BullseyeApp.swift; sourceTree = "<group>"; };
		5E5593D32AA9BCCB00EF2121 /* ContentView.swift */ = {isa = PBXFileReference; lastKnownFileType = sourcecode.swift; path = ContentView.swift; sourceTree = "<group>"; };
		5E5593D52AA9BCCC00EF2121 /* Assets.xcassets */ = {isa = PBXFileReference; lastKnownFileType = folder.assetcatalog; path = Assets.xcassets; sourceTree = "<group>"; };
		5E5593D82AA9BCCC00EF2121 /* Preview Assets.xcassets */ = {isa = PBXFileReference; lastKnownFileType = folder.assetcatalog; path = "Preview Assets.xcassets"; sourceTree = "<group>"; };
		5E5593DA2AA9BCCC00EF2121 /* Persistence.swift */ = {isa = PBXFileReference; lastKnownFileType = sourcecode.swift; path = Persistence.swift; sourceTree = "<group>"; };
		5E5593DD2AA9BCCC00EF2121 /* Bullseye.xcdatamodel */ = {isa = PBXFileReference; lastKnownFileType = wrapper.xcdatamodel; path = Bullseye.xcdatamodel; sourceTree = "<group>"; };
		5E5593E72AA9CEE500EF2121 /* Game.swift */ = {isa = PBXFileReference; lastKnownFileType = sourcecode.swift; path = Game.swift; sourceTree = "<group>"; };
		5E5593ED2AA9D52600EF2121 /* BullseyeTests.xctest */ = {isa = PBXFileReference; explicitFileType = wrapper.cfbundle; includeInIndex = 0; path = BullseyeTests.xctest; sourceTree = BUILT_PRODUCTS_DIR; };
		5E5593EF2AA9D52600EF2121 /* BullseyeTests.swift */ = {isa = PBXFileReference; lastKnownFileType = sourcecode.swift; path = BullseyeTests.swift; sourceTree = "<group>"; };
/* End PBXFileReference section */

/* Begin PBXFrameworksBuildPhase section */
		5E5593CB2AA9BCCB00EF2121 /* Frameworks */ = {
			isa = PBXFrameworksBuildPhase;
			buildActionMask = 2147483647;
			files = (
			);
			runOnlyForDeploymentPostprocessing = 0;
		};
		5E5593EA2AA9D52600EF2121 /* Frameworks */ = {
			isa = PBXFrameworksBuildPhase;
			buildActionMask = 2147483647;
			files = (
			);
			runOnlyForDeploymentPostprocessing = 0;
		};
/* End PBXFrameworksBuildPhase section */

/* Begin PBXGroup section */
		5E5593C52AA9BCCB00EF2121 = {
			isa = PBXGroup;
			children = (
				5E5593D02AA9BCCB00EF2121 /* Bullseye */,
				5E5593EE2AA9D52600EF2121 /* BullseyeTests */,
				5E5593CF2AA9BCCB00EF2121 /* Products */,
			);
			sourceTree = "<group>";
		};
		5E5593CF2AA9BCCB00EF2121 /* Products */ = {
			isa = PBXGroup;
			children = (
				5E5593CE2AA9BCCB00EF2121 /* Bullseye.app */,
				5E5593ED2AA9D52600EF2121 /* BullseyeTests.xctest */,
			);
			name = Products;
			sourceTree = "<group>";
		};
		5E5593D02AA9BCCB00EF2121 /* Bullseye */ = {
			isa = PBXGroup;
			children = (
				5E5593E62AA9CE7400EF2121 /* App */,
				5E5593E52AA9CE5F00EF2121 /* Models */,
				5E5593E42AA9CE4E00EF2121 /* Views */,
				5E5593DA2AA9BCCC00EF2121 /* Persistence.swift */,
				5E5593DC2AA9BCCC00EF2121 /* Bullseye.xcdatamodeld */,
				5E5593D72AA9BCCC00EF2121 /* Preview Content */,
			);
			path = Bullseye;
			sourceTree = "<group>";
		};
		5E5593D72AA9BCCC00EF2121 /* Preview Content */ = {
			isa = PBXGroup;
			children = (
				5E5593D82AA9BCCC00EF2121 /* Preview Assets.xcassets */,
			);
			path = "Preview Content";
			sourceTree = "<group>";
		};
		5E5593E42AA9CE4E00EF2121 /* Views */ = {
			isa = PBXGroup;
			children = (
				5E5593D32AA9BCCB00EF2121 /* ContentView.swift */,
			);
			path = Views;
			sourceTree = "<group>";
		};
		5E5593E52AA9CE5F00EF2121 /* Models */ = {
			isa = PBXGroup;
			children = (
				5E5593E72AA9CEE500EF2121 /* Game.swift */,
			);
			path = Models;
			sourceTree = "<group>";
		};
		5E5593E62AA9CE7400EF2121 /* App */ = {
			isa = PBXGroup;
			children = (
				5E5593D52AA9BCCC00EF2121 /* Assets.xcassets */,
				5E5593D12AA9BCCB00EF2121 /* BullseyeApp.swift */,
			);
			path = App;
			sourceTree = "<group>";
		};
		5E5593EE2AA9D52600EF2121 /* BullseyeTests */ = {
			isa = PBXGroup;
			children = (
				5E5593EF2AA9D52600EF2121 /* BullseyeTests.swift */,
			);
			path = BullseyeTests;
			sourceTree = "<group>";
		};
/* End PBXGroup section */

/* Begin PBXNativeTarget section */
		5E5593CD2AA9BCCB00EF2121 /* Bullseye */ = {
			isa = PBXNativeTarget;
			buildConfigurationList = 5E5593E12AA9BCCC00EF2121 /* Build configuration list for PBXNativeTarget "Bullseye" */;
			buildPhases = (
				5E5593CA2AA9BCCB00EF2121 /* Sources */,
				5E5593CB2AA9BCCB00EF2121 /* Frameworks */,
				5E5593CC2AA9BCCB00EF2121 /* Resources */,
			);
			buildRules = (
			);
			dependencies = (
			);
			name = Bullseye;
			productName = Bullseye;
			productReference = 5E5593CE2AA9BCCB00EF2121 /* Bullseye.app */;
			productType = "com.apple.product-type.application";
		};
		5E5593EC2AA9D52600EF2121 /* BullseyeTests */ = {
			isa = PBXNativeTarget;
			buildConfigurationList = 5E5593F32AA9D52600EF2121 /* Build configuration list for PBXNativeTarget "BullseyeTests" */;
			buildPhases = (
				5E5593E92AA9D52600EF2121 /* Sources */,
				5E5593EA2AA9D52600EF2121 /* Frameworks */,
				5E5593EB2AA9D52600EF2121 /* Resources */,
			);
			buildRules = (
			);
			dependencies = (
				5E5593F22AA9D52600EF2121 /* PBXTargetDependency */,
			);
			name = BullseyeTests;
			productName = BullseyeTests;
			productReference = 5E5593ED2AA9D52600EF2121 /* BullseyeTests.xctest */;
			productType = "com.apple.product-type.bundle.unit-test";
		};
/* End PBXNativeTarget section */

/* Begin PBXProject section */
		5E5593C62AA9BCCB00EF2121 /* Project object */ = {
			isa = PBXProject;
			attributes = {
				BuildIndependentTargetsInParallel = 1;
				LastSwiftUpdateCheck = 1430;
				LastUpgradeCheck = 1430;
				TargetAttributes = {
					5E5593CD2AA9BCCB00EF2121 = {
						CreatedOnToolsVersion = 14.3.1;
					};
					5E5593EC2AA9D52600EF2121 = {
						CreatedOnToolsVersion = 14.3.1;
						TestTargetID = 5E5593CD2AA9BCCB00EF2121;
					};
				};
			};
			buildConfigurationList = 5E5593C92AA9BCCB00EF2121 /* Build configuration list for PBXProject "Bullseye" */;
			compatibilityVersion = "Xcode 14.0";
			developmentRegion = en;
			hasScannedForEncodings = 0;
			knownRegions = (
				en,
				Base,
			);
			mainGroup = 5E5593C52AA9BCCB00EF2121;
			productRefGroup = 5E5593CF2AA9BCCB00EF2121 /* Products */;
			projectDirPath = "";
			projectRoot = "";
			targets = (
				5E5593CD2AA9BCCB00EF2121 /* Bullseye */,
				5E5593EC2AA9D52600EF2121 /* BullseyeTests */,
			);
		};
/* End PBXProject section */

/* Begin PBXResourcesBuildPhase section */
		5E5593CC2AA9BCCB00EF2121 /* Resources */ = {
			isa = PBXResourcesBuildPhase;
			buildActionMask = 2147483647;
			files = (
				5E5593D92AA9BCCC00EF2121 /* Preview Assets.xcassets in Resources */,
				5E5593D62AA9BCCC00EF2121 /* Assets.xcassets in Resources */,
			);
			runOnlyForDeploymentPostprocessing = 0;
		};
		5E5593EB2AA9D52600EF2121 /* Resources */ = {
			isa = PBXResourcesBuildPhase;
			buildActionMask = 2147483647;
			files = (
			);
			runOnlyForDeploymentPostprocessing = 0;
		};
/* End PBXResourcesBuildPhase section */

/* Begin PBXSourcesBuildPhase section */
		5E5593CA2AA9BCCB00EF2121 /* Sources */ = {
			isa = PBXSourcesBuildPhase;
			buildActionMask = 2147483647;
			files = (
				5E5593DB2AA9BCCC00EF2121 /* Persistence.swift in Sources */,
				5E5593E82AA9CEE500EF2121 /* Game.swift in Sources */,
				5E5593D42AA9BCCB00EF2121 /* ContentView.swift in Sources */,
				5E5593DE2AA9BCCC00EF2121 /* Bullseye.xcdatamodeld in Sources */,
				5E5593D22AA9BCCB00EF2121 /* BullseyeApp.swift in Sources */,
			);
			runOnlyForDeploymentPostprocessing = 0;
		};
		5E5593E92AA9D52600EF2121 /* Sources */ = {
			isa = PBXSourcesBuildPhase;
			buildActionMask = 2147483647;
			files = (
				5E5593F02AA9D52600EF2121 /* BullseyeTests.swift in Sources */,
			);
			runOnlyForDeploymentPostprocessing = 0;
		};
/* End PBXSourcesBuildPhase section */

/* Begin PBXTargetDependency section */
		5E5593F22AA9D52600EF2121 /* PBXTargetDependency */ = {
			isa = PBXTargetDependency;
			target = 5E5593CD2AA9BCCB00EF2121 /* Bullseye */;
			targetProxy = 5E5593F12AA9D52600EF2121 /* PBXContainerItemProxy */;
		};
/* End PBXTargetDependency section */

/* Begin XCBuildConfiguration section */
		5E5593DF2AA9BCCC00EF2121 /* Debug */ = {
			isa = XCBuildConfiguration;
			buildSettings = {
				ALWAYS_SEARCH_USER_PATHS = NO;
				CLANG_ANALYZER_NONNULL = YES;
				CLANG_ANALYZER_NUMBER_OBJECT_CONVERSION = YES_AGGRESSIVE;
				CLANG_CXX_LANGUAGE_STANDARD = "gnu++20";
				CLANG_ENABLE_MODULES = YES;
				CLANG_ENABLE_OBJC_ARC = YES;
				CLANG_ENABLE_OBJC_WEAK = YES;
				CLANG_WARN_BLOCK_CAPTURE_AUTORELEASING = YES;
				CLANG_WARN_BOOL_CONVERSION = YES;
				CLANG_WARN_COMMA = YES;
				CLANG_WARN_CONSTANT_CONVERSION = YES;
				CLANG_WARN_DEPRECATED_OBJC_IMPLEMENTATIONS = YES;
				CLANG_WARN_DIRECT_OBJC_ISA_USAGE = YES_ERROR;
				CLANG_WARN_DOCUMENTATION_COMMENTS = YES;
				CLANG_WARN_EMPTY_BODY = YES;
				CLANG_WARN_ENUM_CONVERSION = YES;
				CLANG_WARN_INFINITE_RECURSION = YES;
				CLANG_WARN_INT_CONVERSION = YES;
				CLANG_WARN_NON_LITERAL_NULL_CONVERSION = YES;
				CLANG_WARN_OBJC_IMPLICIT_RETAIN_SELF = YES;
				CLANG_WARN_OBJC_LITERAL_CONVERSION = YES;
				CLANG_WARN_OBJC_ROOT_CLASS = YES_ERROR;
				CLANG_WARN_QUOTED_INCLUDE_IN_FRAMEWORK_HEADER = YES;
				CLANG_WARN_RANGE_LOOP_ANALYSIS = YES;
				CLANG_WARN_STRICT_PROTOTYPES = YES;
				CLANG_WARN_SUSPICIOUS_MOVE = YES;
				CLANG_WARN_UNGUARDED_AVAILABILITY = YES_AGGRESSIVE;
				CLANG_WARN_UNREACHABLE_CODE = YES;
				CLANG_WARN__DUPLICATE_METHOD_MATCH = YES;
				COPY_PHASE_STRIP = NO;
				DEBUG_INFORMATION_FORMAT = dwarf;
				ENABLE_STRICT_OBJC_MSGSEND = YES;
				ENABLE_TESTABILITY = YES;
				GCC_C_LANGUAGE_STANDARD = gnu11;
				GCC_DYNAMIC_NO_PIC = NO;
				GCC_NO_COMMON_BLOCKS = YES;
				GCC_OPTIMIZATION_LEVEL = 0;
				GCC_PREPROCESSOR_DEFINITIONS = (
					"DEBUG=1",
					"$(inherited)",
				);
				GCC_WARN_64_TO_32_BIT_CONVERSION = YES;
				GCC_WARN_ABOUT_RETURN_TYPE = YES_ERROR;
				GCC_WARN_UNDECLARED_SELECTOR = YES;
				GCC_WARN_UNINITIALIZED_AUTOS = YES_AGGRESSIVE;
				GCC_WARN_UNUSED_FUNCTION = YES;
				GCC_WARN_UNUSED_VARIABLE = YES;
				IPHONEOS_DEPLOYMENT_TARGET = 16.4;
				MTL_ENABLE_DEBUG_INFO = INCLUDE_SOURCE;
				MTL_FAST_MATH = YES;
				ONLY_ACTIVE_ARCH = YES;
				SDKROOT = iphoneos;
				SWIFT_ACTIVE_COMPILATION_CONDITIONS = DEBUG;
				SWIFT_OPTIMIZATION_LEVEL = "-Onone";
			};
			name = Debug;
		};
		5E5593E02AA9BCCC00EF2121 /* Release */ = {
			isa = XCBuildConfiguration;
			buildSettings = {
				ALWAYS_SEARCH_USER_PATHS = NO;
				CLANG_ANALYZER_NONNULL = YES;
				CLANG_ANALYZER_NUMBER_OBJECT_CONVERSION = YES_AGGRESSIVE;
				CLANG_CXX_LANGUAGE_STANDARD = "gnu++20";
				CLANG_ENABLE_MODULES = YES;
				CLANG_ENABLE_OBJC_ARC = YES;
				CLANG_ENABLE_OBJC_WEAK = YES;
				CLANG_WARN_BLOCK_CAPTURE_AUTORELEASING = YES;
				CLANG_WARN_BOOL_CONVERSION = YES;
				CLANG_WARN_COMMA = YES;
				CLANG_WARN_CONSTANT_CONVERSION = YES;
				CLANG_WARN_DEPRECATED_OBJC_IMPLEMENTATIONS = YES;
				CLANG_WARN_DIRECT_OBJC_ISA_USAGE = YES_ERROR;
				CLANG_WARN_DOCUMENTATION_COMMENTS = YES;
				CLANG_WARN_EMPTY_BODY = YES;
				CLANG_WARN_ENUM_CONVERSION = YES;
				CLANG_WARN_INFINITE_RECURSION = YES;
				CLANG_WARN_INT_CONVERSION = YES;
				CLANG_WARN_NON_LITERAL_NULL_CONVERSION = YES;
				CLANG_WARN_OBJC_IMPLICIT_RETAIN_SELF = YES;
				CLANG_WARN_OBJC_LITERAL_CONVERSION = YES;
				CLANG_WARN_OBJC_ROOT_CLASS = YES_ERROR;
				CLANG_WARN_QUOTED_INCLUDE_IN_FRAMEWORK_HEADER = YES;
				CLANG_WARN_RANGE_LOOP_ANALYSIS = YES;
				CLANG_WARN_STRICT_PROTOTYPES = YES;
				CLANG_WARN_SUSPICIOUS_MOVE = YES;
				CLANG_WARN_UNGUARDED_AVAILABILITY = YES_AGGRESSIVE;
				CLANG_WARN_UNREACHABLE_CODE = YES;
				CLANG_WARN__DUPLICATE_METHOD_MATCH = YES;
				COPY_PHASE_STRIP = NO;
				DEBUG_INFORMATION_FORMAT = "dwarf-with-dsym";
				ENABLE_NS_ASSERTIONS = NO;
				ENABLE_STRICT_OBJC_MSGSEND = YES;
				GCC_C_LANGUAGE_STANDARD = gnu11;
				GCC_NO_COMMON_BLOCKS = YES;
				GCC_WARN_64_TO_32_BIT_CONVERSION = YES;
				GCC_WARN_ABOUT_RETURN_TYPE = YES_ERROR;
				GCC_WARN_UNDECLARED_SELECTOR = YES;
				GCC_WARN_UNINITIALIZED_AUTOS = YES_AGGRESSIVE;
				GCC_WARN_UNUSED_FUNCTION = YES;
				GCC_WARN_UNUSED_VARIABLE = YES;
				IPHONEOS_DEPLOYMENT_TARGET = 16.4;
				MTL_ENABLE_DEBUG_INFO = NO;
				MTL_FAST_MATH = YES;
				SDKROOT = iphoneos;
				SWIFT_COMPILATION_MODE = wholemodule;
				SWIFT_OPTIMIZATION_LEVEL = "-O";
				VALIDATE_PRODUCT = YES;
			};
			name = Release;
		};
		5E5593E22AA9BCCC00EF2121 /* Debug */ = {
			isa = XCBuildConfiguration;
			buildSettings = {
				ASSETCATALOG_COMPILER_APPICON_NAME = AppIcon;
				ASSETCATALOG_COMPILER_GLOBAL_ACCENT_COLOR_NAME = AccentColor;
				CODE_SIGN_STYLE = Automatic;
				CURRENT_PROJECT_VERSION = 1;
				DEVELOPMENT_ASSET_PATHS = "\"Bullseye/Preview Content\"";
				DEVELOPMENT_TEAM = B5NGHPJV9V;
				ENABLE_PREVIEWS = YES;
				GENERATE_INFOPLIST_FILE = YES;
				INFOPLIST_KEY_UIApplicationSceneManifest_Generation = YES;
				INFOPLIST_KEY_UIApplicationSupportsIndirectInputEvents = YES;
				INFOPLIST_KEY_UILaunchScreen_Generation = YES;
				INFOPLIST_KEY_UISupportedInterfaceOrientations_iPad = "UIInterfaceOrientationPortrait UIInterfaceOrientationPortraitUpsideDown UIInterfaceOrientationLandscapeLeft UIInterfaceOrientationLandscapeRight";
				INFOPLIST_KEY_UISupportedInterfaceOrientations_iPhone = "UIInterfaceOrientationPortrait UIInterfaceOrientationLandscapeLeft UIInterfaceOrientationLandscapeRight";
				LD_RUNPATH_SEARCH_PATHS = (
					"$(inherited)",
					"@executable_path/Frameworks",
				);
				MARKETING_VERSION = 1.0;
				PRODUCT_BUNDLE_IDENTIFIER = com.julianVillar.Bullseye;
				PRODUCT_NAME = "$(TARGET_NAME)";
				SWIFT_EMIT_LOC_STRINGS = YES;
				SWIFT_VERSION = 5.0;
				TARGETED_DEVICE_FAMILY = "1,2";
			};
			name = Debug;
		};
		5E5593E32AA9BCCC00EF2121 /* Release */ = {
			isa = XCBuildConfiguration;
			buildSettings = {
				ASSETCATALOG_COMPILER_APPICON_NAME = AppIcon;
				ASSETCATALOG_COMPILER_GLOBAL_ACCENT_COLOR_NAME = AccentColor;
				CODE_SIGN_STYLE = Automatic;
				CURRENT_PROJECT_VERSION = 1;
				DEVELOPMENT_ASSET_PATHS = "\"Bullseye/Preview Content\"";
				DEVELOPMENT_TEAM = B5NGHPJV9V;
				ENABLE_PREVIEWS = YES;
				GENERATE_INFOPLIST_FILE = YES;
				INFOPLIST_KEY_UIApplicationSceneManifest_Generation = YES;
				INFOPLIST_KEY_UIApplicationSupportsIndirectInputEvents = YES;
				INFOPLIST_KEY_UILaunchScreen_Generation = YES;
				INFOPLIST_KEY_UISupportedInterfaceOrientations_iPad = "UIInterfaceOrientationPortrait UIInterfaceOrientationPortraitUpsideDown UIInterfaceOrientationLandscapeLeft UIInterfaceOrientationLandscapeRight";
				INFOPLIST_KEY_UISupportedInterfaceOrientations_iPhone = "UIInterfaceOrientationPortrait UIInterfaceOrientationLandscapeLeft UIInterfaceOrientationLandscapeRight";
				LD_RUNPATH_SEARCH_PATHS = (
					"$(inherited)",
					"@executable_path/Frameworks",
				);
				MARKETING_VERSION = 1.0;
				PRODUCT_BUNDLE_IDENTIFIER = com.julianVillar.Bullseye;
				PRODUCT_NAME = "$(TARGET_NAME)";
				SWIFT_EMIT_LOC_STRINGS = YES;
				SWIFT_VERSION = 5.0;
				TARGETED_DEVICE_FAMILY = "1,2";
			};
			name = Release;
		};
		5E5593F42AA9D52600EF2121 /* Debug */ = {
			isa = XCBuildConfiguration;
			buildSettings = {
				BUNDLE_LOADER = "$(TEST_HOST)";
				CODE_SIGN_STYLE = Automatic;
				CURRENT_PROJECT_VERSION = 1;
				DEVELOPMENT_TEAM = B5NGHPJV9V;
				GENERATE_INFOPLIST_FILE = YES;
				IPHONEOS_DEPLOYMENT_TARGET = 16.4;
				MACOSX_DEPLOYMENT_TARGET = 13.3;
				MARKETING_VERSION = 1.0;
				PRODUCT_BUNDLE_IDENTIFIER = com.julianVillar.BullseyeTests;
				PRODUCT_NAME = "$(TARGET_NAME)";
				SDKROOT = auto;
				SUPPORTED_PLATFORMS = "iphoneos iphonesimulator macosx";
				SWIFT_EMIT_LOC_STRINGS = NO;
				SWIFT_VERSION = 5.0;
				TARGETED_DEVICE_FAMILY = "1,2";
				TEST_HOST = "$(BUILT_PRODUCTS_DIR)/Bullseye.app/$(BUNDLE_EXECUTABLE_FOLDER_PATH)/Bullseye";
			};
			name = Debug;
		};
		5E5593F52AA9D52600EF2121 /* Release */ = {
			isa = XCBuildConfiguration;
			buildSettings = {
				BUNDLE_LOADER = "$(TEST_HOST)";
				CODE_SIGN_STYLE = Automatic;
				CURRENT_PROJECT_VERSION = 1;
				DEVELOPMENT_TEAM = B5NGHPJV9V;
				GENERATE_INFOPLIST_FILE = YES;
				IPHONEOS_DEPLOYMENT_TARGET = 16.4;
				MACOSX_DEPLOYMENT_TARGET = 13.3;
				MARKETING_VERSION = 1.0;
				PRODUCT_BUNDLE_IDENTIFIER = com.julianVillar.BullseyeTests;
				PRODUCT_NAME = "$(TARGET_NAME)";
				SDKROOT = auto;
				SUPPORTED_PLATFORMS = "iphoneos iphonesimulator macosx";
				SWIFT_EMIT_LOC_STRINGS = NO;
				SWIFT_VERSION = 5.0;
				TARGETED_DEVICE_FAMILY = "1,2";
				TEST_HOST = "$(BUILT_PRODUCTS_DIR)/Bullseye.app/$(BUNDLE_EXECUTABLE_FOLDER_PATH)/Bullseye";
			};
			name = Release;
		};
/* End XCBuildConfiguration section */

/* Begin XCConfigurationList section */
		5E5593C92AA9BCCB00EF2121 /* Build configuration list for PBXProject "Bullseye" */ = {
			isa = XCConfigurationList;
			buildConfigurations = (
				5E5593DF2AA9BCCC00EF2121 /* Debug */,
				5E5593E02AA9BCCC00EF2121 /* Release */,
			);
			defaultConfigurationIsVisible = 0;
			defaultConfigurationName = Release;
		};
		5E5593E12AA9BCCC00EF2121 /* Build configuration list for PBXNativeTarget "Bullseye" */ = {
			isa = XCConfigurationList;
			buildConfigurations = (
				5E5593E22AA9BCCC00EF2121 /* Debug */,
				5E5593E32AA9BCCC00EF2121 /* Release */,
			);
			defaultConfigurationIsVisible = 0;
			defaultConfigurationName = Release;
		};
		5E5593F32AA9D52600EF2121 /* Build configuration list for PBXNativeTarget "BullseyeTests" */ = {
			isa = XCConfigurationList;
			buildConfigurations = (
				5E5593F42AA9D52600EF2121 /* Debug */,
				5E5593F52AA9D52600EF2121 /* Release */,
			);
			defaultConfigurationIsVisible = 0;
			defaultConfigurationName = Release;
		};
/* End XCConfigurationList section */

/* Begin XCVersionGroup section */
		5E5593DC2AA9BCCC00EF2121 /* Bullseye.xcdatamodeld */ = {
			isa = XCVersionGroup;
			children = (
				5E5593DD2AA9BCCC00EF2121 /* Bullseye.xcdatamodel */,
			);
			currentVersion = 5E5593DD2AA9BCCC00EF2121 /* Bullseye.xcdatamodel */;
			path = Bullseye.xcdatamodeld;
			sourceTree = "<group>";
			versionGroupType = wrapper.xcdatamodel;
		};
/* End XCVersionGroup section */
	};
	rootObject = 5E5593C62AA9BCCB00EF2121 /* Project object */;
}
